// !$*UTF8*$!
{
	archiveVersion = 1;
	classes = {
	};
	objectVersion = 77;
	objects = {

/* Begin PBXBuildFile section */
		84F5AA2B2F3B6DDA00639267 /* ComposableArchitecture in Frameworks */ = {isa = PBXBuildFile; productRef = 84F5AA2A2F3B6DDA00639267 /* ComposableArchitecture */; };
/* End PBXBuildFile section */

/* Begin PBXContainerItemProxy section */
		84F5AA0D2F3B6B3400639267 /* PBXContainerItemProxy */ = {
			isa = PBXContainerItemProxy;
			containerPortal = 84F5A9F22F3B6B3200639267 /* Project object */;
			proxyType = 1;
			remoteGlobalIDString = 84F5A9F92F3B6B3200639267;
			remoteInfo = SideProjectTCA;
		};
		84F5AA172F3B6B3400639267 /* PBXContainerItemProxy */ = {
			isa = PBXContainerItemProxy;
			containerPortal = 84F5A9F22F3B6B3200639267 /* Project object */;
			proxyType = 1;
			remoteGlobalIDString = 84F5A9F92F3B6B3200639267;
			remoteInfo = SideProjectTCA;
		};
/* End PBXContainerItemProxy section */

/* Begin PBXFileReference section */
		84F5A9FA2F3B6B3200639267 /* SideProjectTCA.app */ = {isa = PBXFileReference; explicitFileType = wrapper.application; includeInIndex = 0; path = SideProjectTCA.app; sourceTree = BUILT_PRODUCTS_DIR; };
		84F5AA0C2F3B6B3400639267 /* SideProjectTCATests.xctest */ = {isa = PBXFileReference; explicitFileType = wrapper.cfbundle; includeInIndex = 0; path = SideProjectTCATests.xctest; sourceTree = BUILT_PRODUCTS_DIR; };
		84F5AA162F3B6B3400639267 /* SideProjectTCAUITests.xctest */ = {isa = PBXFileReference; explicitFileType = wrapper.cfbundle; includeInIndex = 0; path = SideProjectTCAUITests.xctest; sourceTree = BUILT_PRODUCTS_DIR; };
/* End PBXFileReference section */

/* Begin PBXFileSystemSynchronizedBuildFileExceptionSet section */
		84F5AA6A2F3B8E3700639267 /* Exceptions for "SideProjectTCA" folder in "SideProjectTCA" target */ = {
			isa = PBXFileSystemSynchronizedBuildFileExceptionSet;
			membershipExceptions = (
				CoreData/SideProjectTCA.xcdatamodeld,
			);
			target = 84F5A9F92F3B6B3200639267 /* SideProjectTCA */;
		};
/* End PBXFileSystemSynchronizedBuildFileExceptionSet section */

/* Begin PBXFileSystemSynchronizedGroupBuildPhaseMembershipExceptionSet section */
		84F5AA6B2F3B8E3700639267 /* Exceptions for "SideProjectTCA" folder in "Compile Sources" phase from "SideProjectTCA" target */ = {
			isa = PBXFileSystemSynchronizedGroupBuildPhaseMembershipExceptionSet;
			buildPhase = 84F5A9F62F3B6B3200639267 /* Sources */;
			membershipExceptions = (
				CoreData/SideProjectTCA.xcdatamodeld,
			);
		};
/* End PBXFileSystemSynchronizedGroupBuildPhaseMembershipExceptionSet section */

/* Begin PBXFileSystemSynchronizedRootGroup section */
		84F5A9FC2F3B6B3200639267 /* SideProjectTCA */ = {
			isa = PBXFileSystemSynchronizedRootGroup;
			exceptions = (
				84F5AA6A2F3B8E3700639267 /* Exceptions for "SideProjectTCA" folder in "SideProjectTCA" target */,
				84F5AA6B2F3B8E3700639267 /* Exceptions for "SideProjectTCA" folder in "Compile Sources" phase from "SideProjectTCA" target */,
			);
			path = SideProjectTCA;
			sourceTree = "<group>";
		};
		84F5AA0F2F3B6B3400639267 /* SideProjectTCATests */ = {
			isa = PBXFileSystemSynchronizedRootGroup;
			path = SideProjectTCATests;
			sourceTree = "<group>";
		};
		84F5AA192F3B6B3400639267 /* SideProjectTCAUITests */ = {
			isa = PBXFileSystemSynchronizedRootGroup;
			path = SideProjectTCAUITests;
			sourceTree = "<group>";
		};
/* End PBXFileSystemSynchronizedRootGroup section */

/* Begin PBXFrameworksBuildPhase section */
		84F5A9F72F3B6B3200639267 /* Frameworks */ = {
			isa = PBXFrameworksBuildPhase;
			buildActionMask = 2147483647;
			files = (
				84F5AA2B2F3B6DDA00639267 /* ComposableArchitecture in Frameworks */,
			);
			runOnlyForDeploymentPostprocessing = 0;
		};
		84F5AA092F3B6B3400639267 /* Frameworks */ = {
			isa = PBXFrameworksBuildPhase;
			buildActionMask = 2147483647;
			files = (
			);
			runOnlyForDeploymentPostprocessing = 0;
		};
		84F5AA132F3B6B3400639267 /* Frameworks */ = {
			isa = PBXFrameworksBuildPhase;
			buildActionMask = 2147483647;
			files = (
			);
			runOnlyForDeploymentPostprocessing = 0;
		};
/* End PBXFrameworksBuildPhase section */

/* Begin PBXGroup section */
		84F5A9F12F3B6B3200639267 = {
			isa = PBXGroup;
			children = (
				84F5A9FC2F3B6B3200639267 /* SideProjectTCA */,
				84F5AA0F2F3B6B3400639267 /* SideProjectTCATests */,
				84F5AA192F3B6B3400639267 /* SideProjectTCAUITests */,
				84F5A9FB2F3B6B3200639267 /* Products */,
			);
			sourceTree = "<group>";
		};
		84F5A9FB2F3B6B3200639267 /* Products */ = {
			isa = PBXGroup;
			children = (
				84F5A9FA2F3B6B3200639267 /* SideProjectTCA.app */,
				84F5AA0C2F3B6B3400639267 /* SideProjectTCATests.xctest */,
				84F5AA162F3B6B3400639267 /* SideProjectTCAUITests.xctest */,
			);
			name = Products;
			sourceTree = "<group>";
		};
/* End PBXGroup section */

/* Begin PBXNativeTarget section */
		84F5A9F92F3B6B3200639267 /* SideProjectTCA */ = {
			isa = PBXNativeTarget;
			buildConfigurationList = 84F5AA202F3B6B3400639267 /* Build configuration list for PBXNativeTarget "SideProjectTCA" */;
			buildPhases = (
				84F5A9F62F3B6B3200639267 /* Sources */,
				84F5A9F72F3B6B3200639267 /* Frameworks */,
				84F5A9F82F3B6B3200639267 /* Resources */,
			);
			buildRules = (
			);
			dependencies = (
			);
			fileSystemSynchronizedGroups = (
				84F5A9FC2F3B6B3200639267 /* SideProjectTCA */,
			);
			name = SideProjectTCA;
			packageProductDependencies = (
				84F5AA2A2F3B6DDA00639267 /* ComposableArchitecture */,
			);
			productName = SideProjectTCA;
			productReference = 84F5A9FA2F3B6B3200639267 /* SideProjectTCA.app */;
			productType = "com.apple.product-type.application";
		};
		84F5AA0B2F3B6B3400639267 /* SideProjectTCATests */ = {
			isa = PBXNativeTarget;
			buildConfigurationList = 84F5AA232F3B6B3400639267 /* Build configuration list for PBXNativeTarget "SideProjectTCATests" */;
			buildPhases = (
				84F5AA082F3B6B3400639267 /* Sources */,
				84F5AA092F3B6B3400639267 /* Frameworks */,
				84F5AA0A2F3B6B3400639267 /* Resources */,
			);
			buildRules = (
			);
			dependencies = (
				84F5AA0E2F3B6B3400639267 /* PBXTargetDependency */,
			);
			fileSystemSynchronizedGroups = (
				84F5AA0F2F3B6B3400639267 /* SideProjectTCATests */,
			);
			name = SideProjectTCATests;
			packageProductDependencies = (
			);
			productName = SideProjectTCATests;
			productReference = 84F5AA0C2F3B6B3400639267 /* SideProjectTCATests.xctest */;
			productType = "com.apple.product-type.bundle.unit-test";
		};
		84F5AA152F3B6B3400639267 /* SideProjectTCAUITests */ = {
			isa = PBXNativeTarget;
			buildConfigurationList = 84F5AA262F3B6B3400639267 /* Build configuration list for PBXNativeTarget "SideProjectTCAUITests" */;
			buildPhases = (
				84F5AA122F3B6B3400639267 /* Sources */,
				84F5AA132F3B6B3400639267 /* Frameworks */,
				84F5AA142F3B6B3400639267 /* Resources */,
			);
			buildRules = (
			);
			dependencies = (
				84F5AA182F3B6B3400639267 /* PBXTargetDependency */,
			);
			fileSystemSynchronizedGroups = (
				84F5AA192F3B6B3400639267 /* SideProjectTCAUITests */,
			);
			name = SideProjectTCAUITests;
			packageProductDependencies = (
			);
			productName = SideProjectTCAUITests;
			productReference = 84F5AA162F3B6B3400639267 /* SideProjectTCAUITests.xctest */;
			productType = "com.apple.product-type.bundle.ui-testing";
		};
/* End PBXNativeTarget section */

/* Begin PBXProject section */
		84F5A9F22F3B6B3200639267 /* Project object */ = {
			isa = PBXProject;
			attributes = {
				BuildIndependentTargetsInParallel = 1;
				LastSwiftUpdateCheck = 2620;
				LastUpgradeCheck = 2620;
				TargetAttributes = {
					84F5A9F92F3B6B3200639267 = {
						CreatedOnToolsVersion = 26.2;
					};
					84F5AA0B2F3B6B3400639267 = {
						CreatedOnToolsVersion = 26.2;
						TestTargetID = 84F5A9F92F3B6B3200639267;
					};
					84F5AA152F3B6B3400639267 = {
						CreatedOnToolsVersion = 26.2;
						TestTargetID = 84F5A9F92F3B6B3200639267;
					};
				};
			};
			buildConfigurationList = 84F5A9F52F3B6B3200639267 /* Build configuration list for PBXProject "SideProjectTCA" */;
			developmentRegion = en;
			hasScannedForEncodings = 0;
			knownRegions = (
				en,
				Base,
			);
			mainGroup = 84F5A9F12F3B6B3200639267;
			minimizedProjectReferenceProxies = 1;
			packageReferences = (
				84F5AA292F3B6DDA00639267 /* XCRemoteSwiftPackageReference "swift-composable-architecture" */,
			);
			preferredProjectObjectVersion = 77;
			productRefGroup = 84F5A9FB2F3B6B3200639267 /* Products */;
			projectDirPath = "";
			projectRoot = "";
			targets = (
				84F5A9F92F3B6B3200639267 /* SideProjectTCA */,
				84F5AA0B2F3B6B3400639267 /* SideProjectTCATests */,
				84F5AA152F3B6B3400639267 /* SideProjectTCAUITests */,
			);
		};
/* End PBXProject section */

/* Begin PBXResourcesBuildPhase section */
		84F5A9F82F3B6B3200639267 /* Resources */ = {
			isa = PBXResourcesBuildPhase;
			buildActionMask = 2147483647;
			files = (
			);
			runOnlyForDeploymentPostprocessing = 0;
		};
		84F5AA0A2F3B6B3400639267 /* Resources */ = {
			isa = PBXResourcesBuildPhase;
			buildActionMask = 2147483647;
			files = (
			);
			runOnlyForDeploymentPostprocessing = 0;
		};
		84F5AA142F3B6B3400639267 /* Resources */ = {
			isa = PBXResourcesBuildPhase;
			buildActionMask = 2147483647;
			files = (
			);
			runOnlyForDeploymentPostprocessing = 0;
		};
/* End PBXResourcesBuildPhase section */

/* Begin PBXSourcesBuildPhase section */
		84F5A9F62F3B6B3200639267 /* Sources */ = {
			isa = PBXSourcesBuildPhase;
			buildActionMask = 2147483647;
			files = (
			);
			runOnlyForDeploymentPostprocessing = 0;
		};
		84F5AA082F3B6B3400639267 /* Sources */ = {
			isa = PBXSourcesBuildPhase;
			buildActionMask = 2147483647;
			files = (
			);
			runOnlyForDeploymentPostprocessing = 0;
		};
		84F5AA122F3B6B3400639267 /* Sources */ = {
			isa = PBXSourcesBuildPhase;
			buildActionMask = 2147483647;
			files = (
			);
			runOnlyForDeploymentPostprocessing = 0;
		};
/* End PBXSourcesBuildPhase section */

/* Begin PBXTargetDependency section */
		84F5AA0E2F3B6B3400639267 /* PBXTargetDependency */ = {
			isa = PBXTargetDependency;
			target = 84F5A9F92F3B6B3200639267 /* SideProjectTCA */;
			targetProxy = 84F5AA0D2F3B6B3400639267 /* PBXContainerItemProxy */;
		};
		84F5AA182F3B6B3400639267 /* PBXTargetDependency */ = {
			isa = PBXTargetDependency;
			target = 84F5A9F92F3B6B3200639267 /* SideProjectTCA */;
			targetProxy = 84F5AA172F3B6B3400639267 /* PBXContainerItemProxy */;
		};
/* End PBXTargetDependency section */

/* Begin XCBuildConfiguration section */
		84F5AA1E2F3B6B3400639267 /* Debug */ = {
			isa = XCBuildConfiguration;
			buildSettings = {
				ALWAYS_SEARCH_USER_PATHS = NO;
				ASSETCATALOG_COMPILER_GENERATE_SWIFT_ASSET_SYMBOL_EXTENSIONS = YES;
				CLANG_ANALYZER_NONNULL = YES;
				CLANG_ANALYZER_NUMBER_OBJECT_CONVERSION = YES_AGGRESSIVE;
				CLANG_CXX_LANGUAGE_STANDARD = "gnu++20";
				CLANG_ENABLE_MODULES = YES;
				CLANG_ENABLE_OBJC_ARC = YES;
				CLANG_ENABLE_OBJC_WEAK = YES;
				CLANG_WARN_BLOCK_CAPTURE_AUTORELEASING = YES;
				CLANG_WARN_BOOL_CONVERSION = YES;
				CLANG_WARN_COMMA = YES;
				CLANG_WARN_CONSTANT_CONVERSION = YES;
				CLANG_WARN_DEPRECATED_OBJC_IMPLEMENTATIONS = YES;
				CLANG_WARN_DIRECT_OBJC_ISA_USAGE = YES_ERROR;
				CLANG_WARN_DOCUMENTATION_COMMENTS = YES;
				CLANG_WARN_EMPTY_BODY = YES;
				CLANG_WARN_ENUM_CONVERSION = YES;
				CLANG_WARN_INFINITE_RECURSION = YES;
				CLANG_WARN_INT_CONVERSION = YES;
				CLANG_WARN_NON_LITERAL_NULL_CONVERSION = YES;
				CLANG_WARN_OBJC_IMPLICIT_RETAIN_SELF = YES;
				CLANG_WARN_OBJC_LITERAL_CONVERSION = YES;
				CLANG_WARN_OBJC_ROOT_CLASS = YES_ERROR;
				CLANG_WARN_QUOTED_INCLUDE_IN_FRAMEWORK_HEADER = YES;
				CLANG_WARN_RANGE_LOOP_ANALYSIS = YES;
				CLANG_WARN_STRICT_PROTOTYPES = YES;
				CLANG_WARN_SUSPICIOUS_MOVE = YES;
				CLANG_WARN_UNGUARDED_AVAILABILITY = YES_AGGRESSIVE;
				CLANG_WARN_UNREACHABLE_CODE = YES;
				CLANG_WARN__DUPLICATE_METHOD_MATCH = YES;
				COPY_PHASE_STRIP = NO;
				DEBUG_INFORMATION_FORMAT = dwarf;
				DEVELOPMENT_TEAM = M34WXV6QV2;
				ENABLE_STRICT_OBJC_MSGSEND = YES;
				ENABLE_TESTABILITY = YES;
				ENABLE_USER_SCRIPT_SANDBOXING = YES;
				GCC_C_LANGUAGE_STANDARD = gnu17;
				GCC_DYNAMIC_NO_PIC = NO;
				GCC_NO_COMMON_BLOCKS = YES;
				GCC_OPTIMIZATION_LEVEL = 0;
				GCC_PREPROCESSOR_DEFINITIONS = (
					"DEBUG=1",
					"$(inherited)",
				);
				GCC_WARN_64_TO_32_BIT_CONVERSION = YES;
				GCC_WARN_ABOUT_RETURN_TYPE = YES_ERROR;
				GCC_WARN_UNDECLARED_SELECTOR = YES;
				GCC_WARN_UNINITIALIZED_AUTOS = YES_AGGRESSIVE;
				GCC_WARN_UNUSED_FUNCTION = YES;
				GCC_WARN_UNUSED_VARIABLE = YES;
				IPHONEOS_DEPLOYMENT_TARGET = 26.2;
				LOCALIZATION_PREFERS_STRING_CATALOGS = YES;
				MTL_ENABLE_DEBUG_INFO = INCLUDE_SOURCE;
				MTL_FAST_MATH = YES;
				ONLY_ACTIVE_ARCH = YES;
				SDKROOT = iphoneos;
				SWIFT_ACTIVE_COMPILATION_CONDITIONS = "DEBUG $(inherited)";
				SWIFT_OPTIMIZATION_LEVEL = "-Onone";
			};
			name = Debug;
		};
		84F5AA1F2F3B6B3400639267 /* Release */ = {
			isa = XCBuildConfiguration;
			buildSettings = {
				ALWAYS_SEARCH_USER_PATHS = NO;
				ASSETCATALOG_COMPILER_GENERATE_SWIFT_ASSET_SYMBOL_EXTENSIONS = YES;
				CLANG_ANALYZER_NONNULL = YES;
				CLANG_ANALYZER_NUMBER_OBJECT_CONVERSION = YES_AGGRESSIVE;
				CLANG_CXX_LANGUAGE_STANDARD = "gnu++20";
				CLANG_ENABLE_MODULES = YES;
				CLANG_ENABLE_OBJC_ARC = YES;
				CLANG_ENABLE_OBJC_WEAK = YES;
				CLANG_WARN_BLOCK_CAPTURE_AUTORELEASING = YES;
				CLANG_WARN_BOOL_CONVERSION = YES;
				CLANG_WARN_COMMA = YES;
				CLANG_WARN_CONSTANT_CONVERSION = YES;
				CLANG_WARN_DEPRECATED_OBJC_IMPLEMENTATIONS = YES;
				CLANG_WARN_DIRECT_OBJC_ISA_USAGE = YES_ERROR;
				CLANG_WARN_DOCUMENTATION_COMMENTS = YES;
				CLANG_WARN_EMPTY_BODY = YES;
				CLANG_WARN_ENUM_CONVERSION = YES;
				CLANG_WARN_INFINITE_RECURSION = YES;
				CLANG_WARN_INT_CONVERSION = YES;
				CLANG_WARN_NON_LITERAL_NULL_CONVERSION = YES;
				CLANG_WARN_OBJC_IMPLICIT_RETAIN_SELF = YES;
				CLANG_WARN_OBJC_LITERAL_CONVERSION = YES;
				CLANG_WARN_OBJC_ROOT_CLASS = YES_ERROR;
				CLANG_WARN_QUOTED_INCLUDE_IN_FRAMEWORK_HEADER = YES;
				CLANG_WARN_RANGE_LOOP_ANALYSIS = YES;
				CLANG_WARN_STRICT_PROTOTYPES = YES;
				CLANG_WARN_SUSPICIOUS_MOVE = YES;
				CLANG_WARN_UNGUARDED_AVAILABILITY = YES_AGGRESSIVE;
				CLANG_WARN_UNREACHABLE_CODE = YES;
				CLANG_WARN__DUPLICATE_METHOD_MATCH = YES;
				COPY_PHASE_STRIP = NO;
				DEBUG_INFORMATION_FORMAT = "dwarf-with-dsym";
				DEVELOPMENT_TEAM = M34WXV6QV2;
				ENABLE_NS_ASSERTIONS = NO;
				ENABLE_STRICT_OBJC_MSGSEND = YES;
				ENABLE_USER_SCRIPT_SANDBOXING = YES;
				GCC_C_LANGUAGE_STANDARD = gnu17;
				GCC_NO_COMMON_BLOCKS = YES;
				GCC_WARN_64_TO_32_BIT_CONVERSION = YES;
				GCC_WARN_ABOUT_RETURN_TYPE = YES_ERROR;
				GCC_WARN_UNDECLARED_SELECTOR = YES;
				GCC_WARN_UNINITIALIZED_AUTOS = YES_AGGRESSIVE;
				GCC_WARN_UNUSED_FUNCTION = YES;
				GCC_WARN_UNUSED_VARIABLE = YES;
				IPHONEOS_DEPLOYMENT_TARGET = 26.2;
				LOCALIZATION_PREFERS_STRING_CATALOGS = YES;
				MTL_ENABLE_DEBUG_INFO = NO;
				MTL_FAST_MATH = YES;
				SDKROOT = iphoneos;
				SWIFT_COMPILATION_MODE = wholemodule;
				VALIDATE_PRODUCT = YES;
			};
			name = Release;
		};
		84F5AA212F3B6B3400639267 /* Debug */ = {
			isa = XCBuildConfiguration;
			buildSettings = {
				ASSETCATALOG_COMPILER_APPICON_NAME = AppIcon;
				ASSETCATALOG_COMPILER_GLOBAL_ACCENT_COLOR_NAME = AccentColor;
				CODE_SIGN_STYLE = Automatic;
				CURRENT_PROJECT_VERSION = 1;
				DEVELOPMENT_TEAM = M34WXV6QV2;
				ENABLE_PREVIEWS = YES;
				GENERATE_INFOPLIST_FILE = YES;
				INFOPLIST_KEY_UIApplicationSceneManifest_Generation = YES;
				INFOPLIST_KEY_UIApplicationSupportsIndirectInputEvents = YES;
				INFOPLIST_KEY_UILaunchScreen_Generation = YES;
				INFOPLIST_KEY_UISupportedInterfaceOrientations_iPad = "UIInterfaceOrientationPortrait UIInterfaceOrientationPortraitUpsideDown UIInterfaceOrientationLandscapeLeft UIInterfaceOrientationLandscapeRight";
				INFOPLIST_KEY_UISupportedInterfaceOrientations_iPhone = "UIInterfaceOrientationPortrait UIInterfaceOrientationLandscapeLeft UIInterfaceOrientationLandscapeRight";
				LD_RUNPATH_SEARCH_PATHS = (
					"$(inherited)",
					"@executable_path/Frameworks",
				);
				MARKETING_VERSION = 1.0;
				PRODUCT_BUNDLE_IDENTIFIER = pl.pawelkacela.SideProjectTCA;
				PRODUCT_NAME = "$(TARGET_NAME)";
				STRING_CATALOG_GENERATE_SYMBOLS = YES;
				SWIFT_APPROACHABLE_CONCURRENCY = YES;
				SWIFT_DEFAULT_ACTOR_ISOLATION = MainActor;
				SWIFT_EMIT_LOC_STRINGS = YES;
				SWIFT_UPCOMING_FEATURE_MEMBER_IMPORT_VISIBILITY = YES;
				SWIFT_VERSION = 5.0;
				TARGETED_DEVICE_FAMILY = "1,2";
			};
			name = Debug;
		};
		84F5AA222F3B6B3400639267 /* Release */ = {
			isa = XCBuildConfiguration;
			buildSettings = {
				ASSETCATALOG_COMPILER_APPICON_NAME = AppIcon;
				ASSETCATALOG_COMPILER_GLOBAL_ACCENT_COLOR_NAME = AccentColor;
				CODE_SIGN_STYLE = Automatic;
				CURRENT_PROJECT_VERSION = 1;
				DEVELOPMENT_TEAM = M34WXV6QV2;
				ENABLE_PREVIEWS = YES;
				GENERATE_INFOPLIST_FILE = YES;
				INFOPLIST_KEY_UIApplicationSceneManifest_Generation = YES;
				INFOPLIST_KEY_UIApplicationSupportsIndirectInputEvents = YES;
				INFOPLIST_KEY_UILaunchScreen_Generation = YES;
				INFOPLIST_KEY_UISupportedInterfaceOrientations_iPad = "UIInterfaceOrientationPortrait UIInterfaceOrientationPortraitUpsideDown UIInterfaceOrientationLandscapeLeft UIInterfaceOrientationLandscapeRight";
				INFOPLIST_KEY_UISupportedInterfaceOrientations_iPhone = "UIInterfaceOrientationPortrait UIInterfaceOrientationLandscapeLeft UIInterfaceOrientationLandscapeRight";
				LD_RUNPATH_SEARCH_PATHS = (
					"$(inherited)",
					"@executable_path/Frameworks",
				);
				MARKETING_VERSION = 1.0;
				PRODUCT_BUNDLE_IDENTIFIER = pl.pawelkacela.SideProjectTCA;
				PRODUCT_NAME = "$(TARGET_NAME)";
				STRING_CATALOG_GENERATE_SYMBOLS = YES;
				SWIFT_APPROACHABLE_CONCURRENCY = YES;
				SWIFT_DEFAULT_ACTOR_ISOLATION = MainActor;
				SWIFT_EMIT_LOC_STRINGS = YES;
				SWIFT_UPCOMING_FEATURE_MEMBER_IMPORT_VISIBILITY = YES;
				SWIFT_VERSION = 5.0;
				TARGETED_DEVICE_FAMILY = "1,2";
			};
			name = Release;
		};
		84F5AA242F3B6B3400639267 /* Debug */ = {
			isa = XCBuildConfiguration;
			buildSettings = {
				BUNDLE_LOADER = "$(TEST_HOST)";
				CODE_SIGN_STYLE = Automatic;
				CURRENT_PROJECT_VERSION = 1;
				DEVELOPMENT_TEAM = M34WXV6QV2;
				GENERATE_INFOPLIST_FILE = YES;
				IPHONEOS_DEPLOYMENT_TARGET = 26.2;
				MARKETING_VERSION = 1.0;
				PRODUCT_BUNDLE_IDENTIFIER = pl.pawelkacela.SideProjectTCATests;
				PRODUCT_NAME = "$(TARGET_NAME)";
				STRING_CATALOG_GENERATE_SYMBOLS = NO;
				SWIFT_APPROACHABLE_CONCURRENCY = YES;
				SWIFT_EMIT_LOC_STRINGS = NO;
				SWIFT_UPCOMING_FEATURE_MEMBER_IMPORT_VISIBILITY = YES;
				SWIFT_VERSION = 5.0;
				TARGETED_DEVICE_FAMILY = "1,2";
				TEST_HOST = "$(BUILT_PRODUCTS_DIR)/SideProjectTCA.app/$(BUNDLE_EXECUTABLE_FOLDER_PATH)/SideProjectTCA";
			};
			name = Debug;
		};
		84F5AA252F3B6B3400639267 /* Release */ = {
			isa = XCBuildConfiguration;
			buildSettings = {
				BUNDLE_LOADER = "$(TEST_HOST)";
				CODE_SIGN_STYLE = Automatic;
				CURRENT_PROJECT_VERSION = 1;
				DEVELOPMENT_TEAM = M34WXV6QV2;
				GENERATE_INFOPLIST_FILE = YES;
				IPHONEOS_DEPLOYMENT_TARGET = 26.2;
				MARKETING_VERSION = 1.0;
				PRODUCT_BUNDLE_IDENTIFIER = pl.pawelkacela.SideProjectTCATests;
				PRODUCT_NAME = "$(TARGET_NAME)";
				STRING_CATALOG_GENERATE_SYMBOLS = NO;
				SWIFT_APPROACHABLE_CONCURRENCY = YES;
				SWIFT_EMIT_LOC_STRINGS = NO;
				SWIFT_UPCOMING_FEATURE_MEMBER_IMPORT_VISIBILITY = YES;
				SWIFT_VERSION = 5.0;
				TARGETED_DEVICE_FAMILY = "1,2";
				TEST_HOST = "$(BUILT_PRODUCTS_DIR)/SideProjectTCA.app/$(BUNDLE_EXECUTABLE_FOLDER_PATH)/SideProjectTCA";
			};
			name = Release;
		};
		84F5AA272F3B6B3400639267 /* Debug */ = {
			isa = XCBuildConfiguration;
			buildSettings = {
				CODE_SIGN_STYLE = Automatic;
				CURRENT_PROJECT_VERSION = 1;
				DEVELOPMENT_TEAM = M34WXV6QV2;
				GENERATE_INFOPLIST_FILE = YES;
				MARKETING_VERSION = 1.0;
				PRODUCT_BUNDLE_IDENTIFIER = pl.pawelkacela.SideProjectTCAUITests;
				PRODUCT_NAME = "$(TARGET_NAME)";
				STRING_CATALOG_GENERATE_SYMBOLS = NO;
				SWIFT_APPROACHABLE_CONCURRENCY = YES;
				SWIFT_EMIT_LOC_STRINGS = NO;
				SWIFT_UPCOMING_FEATURE_MEMBER_IMPORT_VISIBILITY = YES;
				SWIFT_VERSION = 5.0;
				TARGETED_DEVICE_FAMILY = "1,2";
				TEST_TARGET_NAME = SideProjectTCA;
			};
			name = Debug;
		};
		84F5AA282F3B6B3400639267 /* Release */ = {
			isa = XCBuildConfiguration;
			buildSettings = {
				CODE_SIGN_STYLE = Automatic;
				CURRENT_PROJECT_VERSION = 1;
				DEVELOPMENT_TEAM = M34WXV6QV2;
				GENERATE_INFOPLIST_FILE = YES;
				MARKETING_VERSION = 1.0;
				PRODUCT_BUNDLE_IDENTIFIER = pl.pawelkacela.SideProjectTCAUITests;
				PRODUCT_NAME = "$(TARGET_NAME)";
				STRING_CATALOG_GENERATE_SYMBOLS = NO;
				SWIFT_APPROACHABLE_CONCURRENCY = YES;
				SWIFT_EMIT_LOC_STRINGS = NO;
				SWIFT_UPCOMING_FEATURE_MEMBER_IMPORT_VISIBILITY = YES;
				SWIFT_VERSION = 5.0;
				TARGETED_DEVICE_FAMILY = "1,2";
				TEST_TARGET_NAME = SideProjectTCA;
			};
			name = Release;
		};
/* End XCBuildConfiguration section */

/* Begin XCConfigurationList section */
		84F5A9F52F3B6B3200639267 /* Build configuration list for PBXProject "SideProjectTCA" */ = {
			isa = XCConfigurationList;
			buildConfigurations = (
				84F5AA1E2F3B6B3400639267 /* Debug */,
				84F5AA1F2F3B6B3400639267 /* Release */,
			);
			defaultConfigurationIsVisible = 0;
			defaultConfigurationName = Release;
		};
		84F5AA202F3B6B3400639267 /* Build configuration list for PBXNativeTarget "SideProjectTCA" */ = {
			isa = XCConfigurationList;
			buildConfigurations = (
				84F5AA212F3B6B3400639267 /* Debug */,
				84F5AA222F3B6B3400639267 /* Release */,
			);
			defaultConfigurationIsVisible = 0;
			defaultConfigurationName = Release;
		};
		84F5AA232F3B6B3400639267 /* Build configuration list for PBXNativeTarget "SideProjectTCATests" */ = {
			isa = XCConfigurationList;
			buildConfigurations = (
				84F5AA242F3B6B3400639267 /* Debug */,
				84F5AA252F3B6B3400639267 /* Release */,
			);
			defaultConfigurationIsVisible = 0;
			defaultConfigurationName = Release;
		};
		84F5AA262F3B6B3400639267 /* Build configuration list for PBXNativeTarget "SideProjectTCAUITests" */ = {
			isa = XCConfigurationList;
			buildConfigurations = (
				84F5AA272F3B6B3400639267 /* Debug */,
				84F5AA282F3B6B3400639267 /* Release */,
			);
			defaultConfigurationIsVisible = 0;
			defaultConfigurationName = Release;
		};
/* End XCConfigurationList section */

/* Begin XCRemoteSwiftPackageReference section */
		84F5AA292F3B6DDA00639267 /* XCRemoteSwiftPackageReference "swift-composable-architecture" */ = {
			isa = XCRemoteSwiftPackageReference;
			repositoryURL = "https://github.com/pointfreeco/swift-composable-architecture";
			requirement = {
				kind = upToNextMajorVersion;
				minimumVersion = 1.23.1;
			};
		};
/* End XCRemoteSwiftPackageReference section */

/* Begin XCSwiftPackageProductDependency section */
		84F5AA2A2F3B6DDA00639267 /* ComposableArchitecture */ = {
			isa = XCSwiftPackageProductDependency;
			package = 84F5AA292F3B6DDA00639267 /* XCRemoteSwiftPackageReference "swift-composable-architecture" */;
			productName = ComposableArchitecture;
		};
/* End XCSwiftPackageProductDependency section */
	};
	rootObject = 84F5A9F22F3B6B3200639267 /* Project object */;
}
